
Microsoft Visual Studio Solution File, Format Version 12.00
# Visual Studio Version 17
VisualStudioVersion = 17.13.35828.75
MinimumVisualStudioVersion = 10.0.40219.1
Project("{FAE04EC0-301F-11D3-BF4B-00C04F79EFBC}") = "EduLibraryHub", "EduLibraryHub\EduLibraryHub.csproj", "{2892C691-EB6C-25F7-B599-43351DF90139}"
EndProject
Global
	GlobalSection(SolutionConfigurationPlatforms) = preSolution
		Debug|Any CPU = Debug|Any CPU
		Release|Any CPU = Release|Any CPU
	EndGlobalSection
	GlobalSection(ProjectConfigurationPlatforms) = postSolution
		{2892C691-EB6C-25F7-B599-43351DF90139}.Debug|Any CPU.ActiveCfg = Debug|Any CPU
		{2892C691-EB6C-25F7-B599-43351DF90139}.Debug|Any CPU.Build.0 = Debug|Any CPU
		{2892C691-EB6C-25F7-B599-43351DF90139}.Release|Any CPU.ActiveCfg = Release|Any CPU
		{2892C691-EB6C-25F7-B599-43351DF90139}.Release|Any CPU.Build.0 = Release|Any CPU
	EndGlobalSection
	GlobalSection(SolutionProperties) = preSolution
		HideSolutionNode = FALSE
	EndGlobalSection
	GlobalSection(ExtensibilityGlobals) = postSolution
		SolutionGuid = {5D949771-8939-468C-9A35-2805FF00C605}
	EndGlobalSection
EndGlobal
